
Microsoft Visual Studio Solution File, Format Version 12.00
# Visual Studio 15
VisualStudioVersion = 15.0.28307.1000
MinimumVisualStudioVersion = 10.0.40219.1
Project("{8BC9CEB8-8B4A-11D0-8D11-00A0C91BC942}") = "Project_000(Empty_Window)", "Project_000\Project_000.vcxproj", "{7E43622B-C1EB-480D-BFC7-2460E884BA3A}"
EndProject
Project("{8BC9CEB8-8B4A-11D0-8D11-00A0C91BC942}") = "Project_001(Hello_Triangle)", "Project_001\Project_001.vcxproj", "{7A2DDAF9-D3B9-4FA2-8C4E-7B9BD8519D23}"
EndProject
Project("{8BC9CEB8-8B4A-11D0-8D11-00A0C91BC942}") = "Project_002(Uniform)", "Project_002\Project_002.vcxproj", "{5A1FA2F5-23C7-4F3C-A58D-317299556910}"
EndProject
Project("{8BC9CEB8-8B4A-11D0-8D11-00A0C91BC942}") = "Project_003(Texture)", "Project_003\Project_003.vcxproj", "{6C8C5BA1-71A0-48A8-8B58-38EC21C59A05}"
	ProjectSection(ProjectDependencies) = postProject
		{A332DC4B-C392-4C55-9859-61653FEE62DB} = {A332DC4B-C392-4C55-9859-61653FEE62DB}
	EndProjectSection
EndProject
Project("{8BC9CEB8-8B4A-11D0-8D11-00A0C91BC942}") = "stb_image", "stb_image\stb_image.vcxproj", "{A332DC4B-C392-4C55-9859-61653FEE62DB}"
EndProject
Project("{8BC9CEB8-8B4A-11D0-8D11-00A0C91BC942}") = "Project_004(Transform)", "Project_004\Project_004.vcxproj", "{18E48713-34EB-4557-932F-1DDC9F4EDB93}"
EndProject
Project("{2150E333-8FDC-42A3-9474-1A3956D46DE8}") = "Learning", "Learning", "{1480324B-58FB-497D-B7F5-D4C073180805}"
EndProject
Project("{2150E333-8FDC-42A3-9474-1A3956D46DE8}") = "ThirdParty", "ThirdParty", "{6831B8E9-6D12-4829-B301-FD7B74B24FB5}"
EndProject
Project("{8BC9CEB8-8B4A-11D0-8D11-00A0C91BC942}") = "Project_005(Coordinate_System)", "Project_005\Project_005.vcxproj", "{6E7F5B3F-C3C3-4BAB-97F6-AB31DBDD4D06}"
EndProject
Project("{8BC9CEB8-8B4A-11D0-8D11-00A0C91BC942}") = "Project_006(Basic_Lighting)", "Project_006\Project_006.vcxproj", "{79E3ABD8-237D-429C-91FD-EBE72C62E3DC}"
EndProject
Project("{8BC9CEB8-8B4A-11D0-8D11-00A0C91BC942}") = "Project_007(Lighting_Maps)", "Project_007\Project_007.vcxproj", "{5B11F9FE-0A6F-465F-A84E-2B8525BFDE64}"
EndProject
Project("{8BC9CEB8-8B4A-11D0-8D11-00A0C91BC942}") = "Project_008(Load_Model)", "Project_008\Project_008.vcxproj", "{5B07BA04-07EE-40AC-BBD3-70EF954660A1}"
EndProject
Project("{8BC9CEB8-8B4A-11D0-8D11-00A0C91BC942}") = "Project_009(Visualize_Depth)", "Project_009\Project_009.vcxproj", "{B0648410-A4ED-414E-A1A6-F3ABC53DF246}"
EndProject
Project("{8BC9CEB8-8B4A-11D0-8D11-00A0C91BC942}") = "Project_010(Stencil_Test)", "Project_010\Project_010.vcxproj", "{B2B0B8EB-F657-4050-B66D-AF4B6ED8AA56}"
EndProject
Project("{8BC9CEB8-8B4A-11D0-8D11-00A0C91BC942}") = "Project_011(Blending)", "Project_011\Project_011.vcxproj", "{086AF5E0-8A27-4AD6-9A54-C42A1C85A827}"
EndProject
Project("{8BC9CEB8-8B4A-11D0-8D11-00A0C91BC942}") = "Project_012(Face_Culling)", "Project_012\Project_012.vcxproj", "{BB412FB8-C733-4814-906D-64ACA7DE9E3C}"
EndProject
Project("{8BC9CEB8-8B4A-11D0-8D11-00A0C91BC942}") = "Project_013(Framebuffer)", "Project_013\Project_013.vcxproj", "{C972C8E5-B77A-4A2C-9C92-536BC21BB47E}"
EndProject
Project("{8BC9CEB8-8B4A-11D0-8D11-00A0C91BC942}") = "Project_014(Cubemap)", "Project_014\Project_014.vcxproj", "{FD9D0B2A-5799-4A70-84B9-A0C359E11529}"
EndProject
Project("{8BC9CEB8-8B4A-11D0-8D11-00A0C91BC942}") = "Project_015(Environment_Mapping)", "Project_015\Project_015.vcxproj", "{34962583-D865-42DA-A396-82476D9D4652}"
EndProject
Project("{8BC9CEB8-8B4A-11D0-8D11-00A0C91BC942}") = "Project_016(UBO)", "Project_016\Project_016.vcxproj", "{F26D7501-1FE6-44F7-B68A-F882433969F4}"
EndProject
Project("{8BC9CEB8-8B4A-11D0-8D11-00A0C91BC942}") = "Project_017(GeometryShader)", "Project_017\Project_017.vcxproj", "{2C041E03-02A1-43ED-9896-0CE2E4B8E9DE}"
EndProject
Project("{8BC9CEB8-8B4A-11D0-8D11-00A0C91BC942}") = "Project_018(Instancing)", "Project_018\Project_018.vcxproj", "{2F300F51-14DC-42C6-AFB8-129557043B4C}"
EndProject
Project("{8BC9CEB8-8B4A-11D0-8D11-00A0C91BC942}") = "Project_019(Anti_Aliasing)", "Project_019\Project_019.vcxproj", "{1FE92CAD-EE9D-4D2B-B325-BF0B4E9A40AE}"
EndProject
Project("{8BC9CEB8-8B4A-11D0-8D11-00A0C91BC942}") = "Project_020(Advanced_Lighting)", "Project_020\Project_020.vcxproj", "{92FB78BC-80E2-4260-B534-D0272F5AB01C}"
EndProject
Project("{8BC9CEB8-8B4A-11D0-8D11-00A0C91BC942}") = "Project_021(Gamma_Correction)", "Project_021\Project_021.vcxproj", "{5E73F3D4-3F5D-4268-9693-52ECAF200A9F}"
EndProject
Project("{8BC9CEB8-8B4A-11D0-8D11-00A0C91BC942}") = "Project_022(Shadow_Mapping)", "Project_022\Project_022.vcxproj", "{58E54632-953C-439F-83E2-E58A85BCF0EC}"
EndProject
Project("{8BC9CEB8-8B4A-11D0-8D11-00A0C91BC942}") = "Project_023(Point_Shadows)", "Project_023\Project_023.vcxproj", "{E532EE46-F291-40DB-9144-9B1495CE10D3}"
EndProject
Project("{8BC9CEB8-8B4A-11D0-8D11-00A0C91BC942}") = "Project_024(Normal_Mapping)", "Project_024\Project_024.vcxproj", "{64A3CF8F-7DDE-4304-AA09-4934FB84E2C5}"
EndProject
Project("{8BC9CEB8-8B4A-11D0-8D11-00A0C91BC942}") = "Project_025(Parallax_Mapping)", "Project_025\Project_025.vcxproj", "{762D43A5-484E-4AA3-BA3B-642692A1BAAD}"
EndProject
Project("{8BC9CEB8-8B4A-11D0-8D11-00A0C91BC942}") = "Project_026(HDR)", "Project_026\Project_026.vcxproj", "{B6B4B267-0CBC-4DE8-9948-D51065C982DE}"
EndProject
Project("{8BC9CEB8-8B4A-11D0-8D11-00A0C91BC942}") = "Project_027(Bloom)", "Project_027\Project_027.vcxproj", "{E1C82360-CE5D-4D01-8156-7CF76F104C84}"
EndProject
Project("{8BC9CEB8-8B4A-11D0-8D11-00A0C91BC942}") = "Project_028(Deferred_Shading)", "Project_028\Project_028.vcxproj", "{751226B7-4CE3-4108-8AB9-F1C9ABF62516}"
EndProject
Project("{8BC9CEB8-8B4A-11D0-8D11-00A0C91BC942}") = "Project_029(SSAO)", "Project_029\Project_029.vcxproj", "{25E176F1-FA89-4BED-96E5-31FF9B68AD3C}"
EndProject
Global
	GlobalSection(SolutionConfigurationPlatforms) = preSolution
		Debug|x64 = Debug|x64
		Debug|x86 = Debug|x86
		Release|x64 = Release|x64
		Release|x86 = Release|x86
	EndGlobalSection
	GlobalSection(ProjectConfigurationPlatforms) = postSolution
		{7E43622B-C1EB-480D-BFC7-2460E884BA3A}.Debug|x64.ActiveCfg = Debug|x64
		{7E43622B-C1EB-480D-BFC7-2460E884BA3A}.Debug|x64.Build.0 = Debug|x64
		{7E43622B-C1EB-480D-BFC7-2460E884BA3A}.Debug|x86.ActiveCfg = Debug|Win32
		{7E43622B-C1EB-480D-BFC7-2460E884BA3A}.Debug|x86.Build.0 = Debug|Win32
		{7E43622B-C1EB-480D-BFC7-2460E884BA3A}.Release|x64.ActiveCfg = Release|x64
		{7E43622B-C1EB-480D-BFC7-2460E884BA3A}.Release|x64.Build.0 = Release|x64
		{7E43622B-C1EB-480D-BFC7-2460E884BA3A}.Release|x86.ActiveCfg = Release|Win32
		{7E43622B-C1EB-480D-BFC7-2460E884BA3A}.Release|x86.Build.0 = Release|Win32
		{7A2DDAF9-D3B9-4FA2-8C4E-7B9BD8519D23}.Debug|x64.ActiveCfg = Debug|x64
		{7A2DDAF9-D3B9-4FA2-8C4E-7B9BD8519D23}.Debug|x64.Build.0 = Debug|x64
		{7A2DDAF9-D3B9-4FA2-8C4E-7B9BD8519D23}.Debug|x86.ActiveCfg = Debug|Win32
		{7A2DDAF9-D3B9-4FA2-8C4E-7B9BD8519D23}.Debug|x86.Build.0 = Debug|Win32
		{7A2DDAF9-D3B9-4FA2-8C4E-7B9BD8519D23}.Release|x64.ActiveCfg = Release|x64
		{7A2DDAF9-D3B9-4FA2-8C4E-7B9BD8519D23}.Release|x64.Build.0 = Release|x64
		{7A2DDAF9-D3B9-4FA2-8C4E-7B9BD8519D23}.Release|x86.ActiveCfg = Release|Win32
		{7A2DDAF9-D3B9-4FA2-8C4E-7B9BD8519D23}.Release|x86.Build.0 = Release|Win32
		{5A1FA2F5-23C7-4F3C-A58D-317299556910}.Debug|x64.ActiveCfg = Debug|x64
		{5A1FA2F5-23C7-4F3C-A58D-317299556910}.Debug|x64.Build.0 = Debug|x64
		{5A1FA2F5-23C7-4F3C-A58D-317299556910}.Debug|x86.ActiveCfg = Debug|Win32
		{5A1FA2F5-23C7-4F3C-A58D-317299556910}.Debug|x86.Build.0 = Debug|Win32
		{5A1FA2F5-23C7-4F3C-A58D-317299556910}.Release|x64.ActiveCfg = Release|x64
		{5A1FA2F5-23C7-4F3C-A58D-317299556910}.Release|x64.Build.0 = Release|x64
		{5A1FA2F5-23C7-4F3C-A58D-317299556910}.Release|x86.ActiveCfg = Release|Win32
		{5A1FA2F5-23C7-4F3C-A58D-317299556910}.Release|x86.Build.0 = Release|Win32
		{6C8C5BA1-71A0-48A8-8B58-38EC21C59A05}.Debug|x64.ActiveCfg = Debug|x64
		{6C8C5BA1-71A0-48A8-8B58-38EC21C59A05}.Debug|x64.Build.0 = Debug|x64
		{6C8C5BA1-71A0-48A8-8B58-38EC21C59A05}.Debug|x86.ActiveCfg = Debug|Win32
		{6C8C5BA1-71A0-48A8-8B58-38EC21C59A05}.Debug|x86.Build.0 = Debug|Win32
		{6C8C5BA1-71A0-48A8-8B58-38EC21C59A05}.Release|x64.ActiveCfg = Release|x64
		{6C8C5BA1-71A0-48A8-8B58-38EC21C59A05}.Release|x64.Build.0 = Release|x64
		{6C8C5BA1-71A0-48A8-8B58-38EC21C59A05}.Release|x86.ActiveCfg = Release|Win32
		{6C8C5BA1-71A0-48A8-8B58-38EC21C59A05}.Release|x86.Build.0 = Release|Win32
		{A332DC4B-C392-4C55-9859-61653FEE62DB}.Debug|x64.ActiveCfg = Debug|x64
		{A332DC4B-C392-4C55-9859-61653FEE62DB}.Debug|x64.Build.0 = Debug|x64
		{A332DC4B-C392-4C55-9859-61653FEE62DB}.Debug|x86.ActiveCfg = Debug|Win32
		{A332DC4B-C392-4C55-9859-61653FEE62DB}.Debug|x86.Build.0 = Debug|Win32
		{A332DC4B-C392-4C55-9859-61653FEE62DB}.Release|x64.ActiveCfg = Release|x64
		{A332DC4B-C392-4C55-9859-61653FEE62DB}.Release|x64.Build.0 = Release|x64
		{A332DC4B-C392-4C55-9859-61653FEE62DB}.Release|x86.ActiveCfg = Release|Win32
		{A332DC4B-C392-4C55-9859-61653FEE62DB}.Release|x86.Build.0 = Release|Win32
		{18E48713-34EB-4557-932F-1DDC9F4EDB93}.Debug|x64.ActiveCfg = Debug|x64
		{18E48713-34EB-4557-932F-1DDC9F4EDB93}.Debug|x64.Build.0 = Debug|x64
		{18E48713-34EB-4557-932F-1DDC9F4EDB93}.Debug|x86.ActiveCfg = Debug|Win32
		{18E48713-34EB-4557-932F-1DDC9F4EDB93}.Debug|x86.Build.0 = Debug|Win32
		{18E48713-34EB-4557-932F-1DDC9F4EDB93}.Release|x64.ActiveCfg = Release|x64
		{18E48713-34EB-4557-932F-1DDC9F4EDB93}.Release|x64.Build.0 = Release|x64
		{18E48713-34EB-4557-932F-1DDC9F4EDB93}.Release|x86.ActiveCfg = Release|Win32
		{18E48713-34EB-4557-932F-1DDC9F4EDB93}.Release|x86.Build.0 = Release|Win32
		{6E7F5B3F-C3C3-4BAB-97F6-AB31DBDD4D06}.Debug|x64.ActiveCfg = Debug|x64
		{6E7F5B3F-C3C3-4BAB-97F6-AB31DBDD4D06}.Debug|x64.Build.0 = Debug|x64
		{6E7F5B3F-C3C3-4BAB-97F6-AB31DBDD4D06}.Debug|x86.ActiveCfg = Debug|Win32
		{6E7F5B3F-C3C3-4BAB-97F6-AB31DBDD4D06}.Debug|x86.Build.0 = Debug|Win32
		{6E7F5B3F-C3C3-4BAB-97F6-AB31DBDD4D06}.Release|x64.ActiveCfg = Release|x64
		{6E7F5B3F-C3C3-4BAB-97F6-AB31DBDD4D06}.Release|x64.Build.0 = Release|x64
		{6E7F5B3F-C3C3-4BAB-97F6-AB31DBDD4D06}.Release|x86.ActiveCfg = Release|Win32
		{6E7F5B3F-C3C3-4BAB-97F6-AB31DBDD4D06}.Release|x86.Build.0 = Release|Win32
		{79E3ABD8-237D-429C-91FD-EBE72C62E3DC}.Debug|x64.ActiveCfg = Debug|x64
		{79E3ABD8-237D-429C-91FD-EBE72C62E3DC}.Debug|x64.Build.0 = Debug|x64
		{79E3ABD8-237D-429C-91FD-EBE72C62E3DC}.Debug|x86.ActiveCfg = Debug|Win32
		{79E3ABD8-237D-429C-91FD-EBE72C62E3DC}.Debug|x86.Build.0 = Debug|Win32
		{79E3ABD8-237D-429C-91FD-EBE72C62E3DC}.Release|x64.ActiveCfg = Release|x64
		{79E3ABD8-237D-429C-91FD-EBE72C62E3DC}.Release|x64.Build.0 = Release|x64
		{79E3ABD8-237D-429C-91FD-EBE72C62E3DC}.Release|x86.ActiveCfg = Release|Win32
		{79E3ABD8-237D-429C-91FD-EBE72C62E3DC}.Release|x86.Build.0 = Release|Win32
		{5B11F9FE-0A6F-465F-A84E-2B8525BFDE64}.Debug|x64.ActiveCfg = Debug|x64
		{5B11F9FE-0A6F-465F-A84E-2B8525BFDE64}.Debug|x64.Build.0 = Debug|x64
		{5B11F9FE-0A6F-465F-A84E-2B8525BFDE64}.Debug|x86.ActiveCfg = Debug|Win32
		{5B11F9FE-0A6F-465F-A84E-2B8525BFDE64}.Debug|x86.Build.0 = Debug|Win32
		{5B11F9FE-0A6F-465F-A84E-2B8525BFDE64}.Release|x64.ActiveCfg = Release|x64
		{5B11F9FE-0A6F-465F-A84E-2B8525BFDE64}.Release|x64.Build.0 = Release|x64
		{5B11F9FE-0A6F-465F-A84E-2B8525BFDE64}.Release|x86.ActiveCfg = Release|Win32
		{5B11F9FE-0A6F-465F-A84E-2B8525BFDE64}.Release|x86.Build.0 = Release|Win32
		{5B07BA04-07EE-40AC-BBD3-70EF954660A1}.Debug|x64.ActiveCfg = Debug|x64
		{5B07BA04-07EE-40AC-BBD3-70EF954660A1}.Debug|x64.Build.0 = Debug|x64
		{5B07BA04-07EE-40AC-BBD3-70EF954660A1}.Debug|x86.ActiveCfg = Debug|Win32
		{5B07BA04-07EE-40AC-BBD3-70EF954660A1}.Debug|x86.Build.0 = Debug|Win32
		{5B07BA04-07EE-40AC-BBD3-70EF954660A1}.Release|x64.ActiveCfg = Release|x64
		{5B07BA04-07EE-40AC-BBD3-70EF954660A1}.Release|x64.Build.0 = Release|x64
		{5B07BA04-07EE-40AC-BBD3-70EF954660A1}.Release|x86.ActiveCfg = Release|Win32
		{5B07BA04-07EE-40AC-BBD3-70EF954660A1}.Release|x86.Build.0 = Release|Win32
		{B0648410-A4ED-414E-A1A6-F3ABC53DF246}.Debug|x64.ActiveCfg = Debug|x64
		{B0648410-A4ED-414E-A1A6-F3ABC53DF246}.Debug|x64.Build.0 = Debug|x64
		{B0648410-A4ED-414E-A1A6-F3ABC53DF246}.Debug|x86.ActiveCfg = Debug|Win32
		{B0648410-A4ED-414E-A1A6-F3ABC53DF246}.Debug|x86.Build.0 = Debug|Win32
		{B0648410-A4ED-414E-A1A6-F3ABC53DF246}.Release|x64.ActiveCfg = Release|x64
		{B0648410-A4ED-414E-A1A6-F3ABC53DF246}.Release|x64.Build.0 = Release|x64
		{B0648410-A4ED-414E-A1A6-F3ABC53DF246}.Release|x86.ActiveCfg = Release|Win32
		{B0648410-A4ED-414E-A1A6-F3ABC53DF246}.Release|x86.Build.0 = Release|Win32
		{B2B0B8EB-F657-4050-B66D-AF4B6ED8AA56}.Debug|x64.ActiveCfg = Debug|x64
		{B2B0B8EB-F657-4050-B66D-AF4B6ED8AA56}.Debug|x64.Build.0 = Debug|x64
		{B2B0B8EB-F657-4050-B66D-AF4B6ED8AA56}.Debug|x86.ActiveCfg = Debug|Win32
		{B2B0B8EB-F657-4050-B66D-AF4B6ED8AA56}.Debug|x86.Build.0 = Debug|Win32
		{B2B0B8EB-F657-4050-B66D-AF4B6ED8AA56}.Release|x64.ActiveCfg = Release|x64
		{B2B0B8EB-F657-4050-B66D-AF4B6ED8AA56}.Release|x64.Build.0 = Release|x64
		{B2B0B8EB-F657-4050-B66D-AF4B6ED8AA56}.Release|x86.ActiveCfg = Release|Win32
		{B2B0B8EB-F657-4050-B66D-AF4B6ED8AA56}.Release|x86.Build.0 = Release|Win32
		{086AF5E0-8A27-4AD6-9A54-C42A1C85A827}.Debug|x64.ActiveCfg = Debug|x64
		{086AF5E0-8A27-4AD6-9A54-C42A1C85A827}.Debug|x64.Build.0 = Debug|x64
		{086AF5E0-8A27-4AD6-9A54-C42A1C85A827}.Debug|x86.ActiveCfg = Debug|Win32
		{086AF5E0-8A27-4AD6-9A54-C42A1C85A827}.Debug|x86.Build.0 = Debug|Win32
		{086AF5E0-8A27-4AD6-9A54-C42A1C85A827}.Release|x64.ActiveCfg = Release|x64
		{086AF5E0-8A27-4AD6-9A54-C42A1C85A827}.Release|x64.Build.0 = Release|x64
		{086AF5E0-8A27-4AD6-9A54-C42A1C85A827}.Release|x86.ActiveCfg = Release|Win32
		{086AF5E0-8A27-4AD6-9A54-C42A1C85A827}.Release|x86.Build.0 = Release|Win32
		{BB412FB8-C733-4814-906D-64ACA7DE9E3C}.Debug|x64.ActiveCfg = Debug|x64
		{BB412FB8-C733-4814-906D-64ACA7DE9E3C}.Debug|x64.Build.0 = Debug|x64
		{BB412FB8-C733-4814-906D-64ACA7DE9E3C}.Debug|x86.ActiveCfg = Debug|Win32
		{BB412FB8-C733-4814-906D-64ACA7DE9E3C}.Debug|x86.Build.0 = Debug|Win32
		{BB412FB8-C733-4814-906D-64ACA7DE9E3C}.Release|x64.ActiveCfg = Release|x64
		{BB412FB8-C733-4814-906D-64ACA7DE9E3C}.Release|x64.Build.0 = Release|x64
		{BB412FB8-C733-4814-906D-64ACA7DE9E3C}.Release|x86.ActiveCfg = Release|Win32
		{BB412FB8-C733-4814-906D-64ACA7DE9E3C}.Release|x86.Build.0 = Release|Win32
		{C972C8E5-B77A-4A2C-9C92-536BC21BB47E}.Debug|x64.ActiveCfg = Debug|x64
		{C972C8E5-B77A-4A2C-9C92-536BC21BB47E}.Debug|x64.Build.0 = Debug|x64
		{C972C8E5-B77A-4A2C-9C92-536BC21BB47E}.Debug|x86.ActiveCfg = Debug|Win32
		{C972C8E5-B77A-4A2C-9C92-536BC21BB47E}.Debug|x86.Build.0 = Debug|Win32
		{C972C8E5-B77A-4A2C-9C92-536BC21BB47E}.Release|x64.ActiveCfg = Release|x64
		{C972C8E5-B77A-4A2C-9C92-536BC21BB47E}.Release|x64.Build.0 = Release|x64
		{C972C8E5-B77A-4A2C-9C92-536BC21BB47E}.Release|x86.ActiveCfg = Release|Win32
		{C972C8E5-B77A-4A2C-9C92-536BC21BB47E}.Release|x86.Build.0 = Release|Win32
		{FD9D0B2A-5799-4A70-84B9-A0C359E11529}.Debug|x64.ActiveCfg = Debug|x64
		{FD9D0B2A-5799-4A70-84B9-A0C359E11529}.Debug|x64.Build.0 = Debug|x64
		{FD9D0B2A-5799-4A70-84B9-A0C359E11529}.Debug|x86.ActiveCfg = Debug|Win32
		{FD9D0B2A-5799-4A70-84B9-A0C359E11529}.Debug|x86.Build.0 = Debug|Win32
		{FD9D0B2A-5799-4A70-84B9-A0C359E11529}.Release|x64.ActiveCfg = Release|x64
		{FD9D0B2A-5799-4A70-84B9-A0C359E11529}.Release|x64.Build.0 = Release|x64
		{FD9D0B2A-5799-4A70-84B9-A0C359E11529}.Release|x86.ActiveCfg = Release|Win32
		{FD9D0B2A-5799-4A70-84B9-A0C359E11529}.Release|x86.Build.0 = Release|Win32
		{34962583-D865-42DA-A396-82476D9D4652}.Debug|x64.ActiveCfg = Debug|x64
		{34962583-D865-42DA-A396-82476D9D4652}.Debug|x64.Build.0 = Debug|x64
		{34962583-D865-42DA-A396-82476D9D4652}.Debug|x86.ActiveCfg = Debug|Win32
		{34962583-D865-42DA-A396-82476D9D4652}.Debug|x86.Build.0 = Debug|Win32
		{34962583-D865-42DA-A396-82476D9D4652}.Release|x64.ActiveCfg = Release|x64
		{34962583-D865-42DA-A396-82476D9D4652}.Release|x64.Build.0 = Release|x64
		{34962583-D865-42DA-A396-82476D9D4652}.Release|x86.ActiveCfg = Release|Win32
		{34962583-D865-42DA-A396-82476D9D4652}.Release|x86.Build.0 = Release|Win32
		{F26D7501-1FE6-44F7-B68A-F882433969F4}.Debug|x64.ActiveCfg = Debug|x64
		{F26D7501-1FE6-44F7-B68A-F882433969F4}.Debug|x64.Build.0 = Debug|x64
		{F26D7501-1FE6-44F7-B68A-F882433969F4}.Debug|x86.ActiveCfg = Debug|Win32
		{F26D7501-1FE6-44F7-B68A-F882433969F4}.Debug|x86.Build.0 = Debug|Win32
		{F26D7501-1FE6-44F7-B68A-F882433969F4}.Release|x64.ActiveCfg = Release|x64
		{F26D7501-1FE6-44F7-B68A-F882433969F4}.Release|x64.Build.0 = Release|x64
		{F26D7501-1FE6-44F7-B68A-F882433969F4}.Release|x86.ActiveCfg = Release|Win32
		{F26D7501-1FE6-44F7-B68A-F882433969F4}.Release|x86.Build.0 = Release|Win32
		{2C041E03-02A1-43ED-9896-0CE2E4B8E9DE}.Debug|x64.ActiveCfg = Debug|x64
		{2C041E03-02A1-43ED-9896-0CE2E4B8E9DE}.Debug|x64.Build.0 = Debug|x64
		{2C041E03-02A1-43ED-9896-0CE2E4B8E9DE}.Debug|x86.ActiveCfg = Debug|Win32
		{2C041E03-02A1-43ED-9896-0CE2E4B8E9DE}.Debug|x86.Build.0 = Debug|Win32
		{2C041E03-02A1-43ED-9896-0CE2E4B8E9DE}.Release|x64.ActiveCfg = Release|x64
		{2C041E03-02A1-43ED-9896-0CE2E4B8E9DE}.Release|x64.Build.0 = Release|x64
		{2C041E03-02A1-43ED-9896-0CE2E4B8E9DE}.Release|x86.ActiveCfg = Release|Win32
		{2C041E03-02A1-43ED-9896-0CE2E4B8E9DE}.Release|x86.Build.0 = Release|Win32
		{2F300F51-14DC-42C6-AFB8-129557043B4C}.Debug|x64.ActiveCfg = Debug|x64
		{2F300F51-14DC-42C6-AFB8-129557043B4C}.Debug|x64.Build.0 = Debug|x64
		{2F300F51-14DC-42C6-AFB8-129557043B4C}.Debug|x86.ActiveCfg = Debug|Win32
		{2F300F51-14DC-42C6-AFB8-129557043B4C}.Debug|x86.Build.0 = Debug|Win32
		{2F300F51-14DC-42C6-AFB8-129557043B4C}.Release|x64.ActiveCfg = Release|x64
		{2F300F51-14DC-42C6-AFB8-129557043B4C}.Release|x64.Build.0 = Release|x64
		{2F300F51-14DC-42C6-AFB8-129557043B4C}.Release|x86.ActiveCfg = Release|Win32
		{2F300F51-14DC-42C6-AFB8-129557043B4C}.Release|x86.Build.0 = Release|Win32
		{1FE92CAD-EE9D-4D2B-B325-BF0B4E9A40AE}.Debug|x64.ActiveCfg = Debug|x64
		{1FE92CAD-EE9D-4D2B-B325-BF0B4E9A40AE}.Debug|x64.Build.0 = Debug|x64
		{1FE92CAD-EE9D-4D2B-B325-BF0B4E9A40AE}.Debug|x86.ActiveCfg = Debug|Win32
		{1FE92CAD-EE9D-4D2B-B325-BF0B4E9A40AE}.Debug|x86.Build.0 = Debug|Win32
		{1FE92CAD-EE9D-4D2B-B325-BF0B4E9A40AE}.Release|x64.ActiveCfg = Release|x64
		{1FE92CAD-EE9D-4D2B-B325-BF0B4E9A40AE}.Release|x64.Build.0 = Release|x64
		{1FE92CAD-EE9D-4D2B-B325-BF0B4E9A40AE}.Release|x86.ActiveCfg = Release|Win32
		{1FE92CAD-EE9D-4D2B-B325-BF0B4E9A40AE}.Release|x86.Build.0 = Release|Win32
		{92FB78BC-80E2-4260-B534-D0272F5AB01C}.Debug|x64.ActiveCfg = Debug|x64
		{92FB78BC-80E2-4260-B534-D0272F5AB01C}.Debug|x64.Build.0 = Debug|x64
		{92FB78BC-80E2-4260-B534-D0272F5AB01C}.Debug|x86.ActiveCfg = Debug|Win32
		{92FB78BC-80E2-4260-B534-D0272F5AB01C}.Debug|x86.Build.0 = Debug|Win32
		{92FB78BC-80E2-4260-B534-D0272F5AB01C}.Release|x64.ActiveCfg = Release|x64
		{92FB78BC-80E2-4260-B534-D0272F5AB01C}.Release|x64.Build.0 = Release|x64
		{92FB78BC-80E2-4260-B534-D0272F5AB01C}.Release|x86.ActiveCfg = Release|Win32
		{92FB78BC-80E2-4260-B534-D0272F5AB01C}.Release|x86.Build.0 = Release|Win32
		{5E73F3D4-3F5D-4268-9693-52ECAF200A9F}.Debug|x64.ActiveCfg = Debug|x64
		{5E73F3D4-3F5D-4268-9693-52ECAF200A9F}.Debug|x64.Build.0 = Debug|x64
		{5E73F3D4-3F5D-4268-9693-52ECAF200A9F}.Debug|x86.ActiveCfg = Debug|Win32
		{5E73F3D4-3F5D-4268-9693-52ECAF200A9F}.Debug|x86.Build.0 = Debug|Win32
		{5E73F3D4-3F5D-4268-9693-52ECAF200A9F}.Release|x64.ActiveCfg = Release|x64
		{5E73F3D4-3F5D-4268-9693-52ECAF200A9F}.Release|x64.Build.0 = Release|x64
		{5E73F3D4-3F5D-4268-9693-52ECAF200A9F}.Release|x86.ActiveCfg = Release|Win32
		{5E73F3D4-3F5D-4268-9693-52ECAF200A9F}.Release|x86.Build.0 = Release|Win32
		{58E54632-953C-439F-83E2-E58A85BCF0EC}.Debug|x64.ActiveCfg = Debug|x64
		{58E54632-953C-439F-83E2-E58A85BCF0EC}.Debug|x64.Build.0 = Debug|x64
		{58E54632-953C-439F-83E2-E58A85BCF0EC}.Debug|x86.ActiveCfg = Debug|Win32
		{58E54632-953C-439F-83E2-E58A85BCF0EC}.Debug|x86.Build.0 = Debug|Win32
		{58E54632-953C-439F-83E2-E58A85BCF0EC}.Release|x64.ActiveCfg = Release|x64
		{58E54632-953C-439F-83E2-E58A85BCF0EC}.Release|x64.Build.0 = Release|x64
		{58E54632-953C-439F-83E2-E58A85BCF0EC}.Release|x86.ActiveCfg = Release|Win32
		{58E54632-953C-439F-83E2-E58A85BCF0EC}.Release|x86.Build.0 = Release|Win32
		{E532EE46-F291-40DB-9144-9B1495CE10D3}.Debug|x64.ActiveCfg = Debug|x64
		{E532EE46-F291-40DB-9144-9B1495CE10D3}.Debug|x64.Build.0 = Debug|x64
		{E532EE46-F291-40DB-9144-9B1495CE10D3}.Debug|x86.ActiveCfg = Debug|Win32
		{E532EE46-F291-40DB-9144-9B1495CE10D3}.Debug|x86.Build.0 = Debug|Win32
		{E532EE46-F291-40DB-9144-9B1495CE10D3}.Release|x64.ActiveCfg = Release|x64
		{E532EE46-F291-40DB-9144-9B1495CE10D3}.Release|x64.Build.0 = Release|x64
		{E532EE46-F291-40DB-9144-9B1495CE10D3}.Release|x86.ActiveCfg = Release|Win32
		{E532EE46-F291-40DB-9144-9B1495CE10D3}.Release|x86.Build.0 = Release|Win32
		{64A3CF8F-7DDE-4304-AA09-4934FB84E2C5}.Debug|x64.ActiveCfg = Debug|x64
		{64A3CF8F-7DDE-4304-AA09-4934FB84E2C5}.Debug|x64.Build.0 = Debug|x64
		{64A3CF8F-7DDE-4304-AA09-4934FB84E2C5}.Debug|x86.ActiveCfg = Debug|Win32
		{64A3CF8F-7DDE-4304-AA09-4934FB84E2C5}.Debug|x86.Build.0 = Debug|Win32
		{64A3CF8F-7DDE-4304-AA09-4934FB84E2C5}.Release|x64.ActiveCfg = Release|x64
		{64A3CF8F-7DDE-4304-AA09-4934FB84E2C5}.Release|x64.Build.0 = Release|x64
		{64A3CF8F-7DDE-4304-AA09-4934FB84E2C5}.Release|x86.ActiveCfg = Release|Win32
		{64A3CF8F-7DDE-4304-AA09-4934FB84E2C5}.Release|x86.Build.0 = Release|Win32
		{762D43A5-484E-4AA3-BA3B-642692A1BAAD}.Debug|x64.ActiveCfg = Debug|x64
		{762D43A5-484E-4AA3-BA3B-642692A1BAAD}.Debug|x64.Build.0 = Debug|x64
		{762D43A5-484E-4AA3-BA3B-642692A1BAAD}.Debug|x86.ActiveCfg = Debug|Win32
		{762D43A5-484E-4AA3-BA3B-642692A1BAAD}.Debug|x86.Build.0 = Debug|Win32
		{762D43A5-484E-4AA3-BA3B-642692A1BAAD}.Release|x64.ActiveCfg = Release|x64
		{762D43A5-484E-4AA3-BA3B-642692A1BAAD}.Release|x64.Build.0 = Release|x64
		{762D43A5-484E-4AA3-BA3B-642692A1BAAD}.Release|x86.ActiveCfg = Release|Win32
		{762D43A5-484E-4AA3-BA3B-642692A1BAAD}.Release|x86.Build.0 = Release|Win32
		{B6B4B267-0CBC-4DE8-9948-D51065C982DE}.Debug|x64.ActiveCfg = Debug|x64
		{B6B4B267-0CBC-4DE8-9948-D51065C982DE}.Debug|x64.Build.0 = Debug|x64
		{B6B4B267-0CBC-4DE8-9948-D51065C982DE}.Debug|x86.ActiveCfg = Debug|Win32
		{B6B4B267-0CBC-4DE8-9948-D51065C982DE}.Debug|x86.Build.0 = Debug|Win32
		{B6B4B267-0CBC-4DE8-9948-D51065C982DE}.Release|x64.ActiveCfg = Release|x64
		{B6B4B267-0CBC-4DE8-9948-D51065C982DE}.Release|x64.Build.0 = Release|x64
		{B6B4B267-0CBC-4DE8-9948-D51065C982DE}.Release|x86.ActiveCfg = Release|Win32
		{B6B4B267-0CBC-4DE8-9948-D51065C982DE}.Release|x86.Build.0 = Release|Win32
		{E1C82360-CE5D-4D01-8156-7CF76F104C84}.Debug|x64.ActiveCfg = Debug|x64
		{E1C82360-CE5D-4D01-8156-7CF76F104C84}.Debug|x64.Build.0 = Debug|x64
		{E1C82360-CE5D-4D01-8156-7CF76F104C84}.Debug|x86.ActiveCfg = Debug|Win32
		{E1C82360-CE5D-4D01-8156-7CF76F104C84}.Debug|x86.Build.0 = Debug|Win32
		{E1C82360-CE5D-4D01-8156-7CF76F104C84}.Release|x64.ActiveCfg = Release|x64
		{E1C82360-CE5D-4D01-8156-7CF76F104C84}.Release|x64.Build.0 = Release|x64
		{E1C82360-CE5D-4D01-8156-7CF76F104C84}.Release|x86.ActiveCfg = Release|Win32
		{E1C82360-CE5D-4D01-8156-7CF76F104C84}.Release|x86.Build.0 = Release|Win32
		{751226B7-4CE3-4108-8AB9-F1C9ABF62516}.Debug|x64.ActiveCfg = Debug|x64
		{751226B7-4CE3-4108-8AB9-F1C9ABF62516}.Debug|x64.Build.0 = Debug|x64
		{751226B7-4CE3-4108-8AB9-F1C9ABF62516}.Debug|x86.ActiveCfg = Debug|Win32
		{751226B7-4CE3-4108-8AB9-F1C9ABF62516}.Debug|x86.Build.0 = Debug|Win32
		{751226B7-4CE3-4108-8AB9-F1C9ABF62516}.Release|x64.ActiveCfg = Release|x64
		{751226B7-4CE3-4108-8AB9-F1C9ABF62516}.Release|x64.Build.0 = Release|x64
		{751226B7-4CE3-4108-8AB9-F1C9ABF62516}.Release|x86.ActiveCfg = Release|Win32
		{751226B7-4CE3-4108-8AB9-F1C9ABF62516}.Release|x86.Build.0 = Release|Win32
		{25E176F1-FA89-4BED-96E5-31FF9B68AD3C}.Debug|x64.ActiveCfg = Debug|x64
		{25E176F1-FA89-4BED-96E5-31FF9B68AD3C}.Debug|x64.Build.0 = Debug|x64
		{25E176F1-FA89-4BED-96E5-31FF9B68AD3C}.Debug|x86.ActiveCfg = Debug|Win32
		{25E176F1-FA89-4BED-96E5-31FF9B68AD3C}.Debug|x86.Build.0 = Debug|Win32
		{25E176F1-FA89-4BED-96E5-31FF9B68AD3C}.Release|x64.ActiveCfg = Release|x64
		{25E176F1-FA89-4BED-96E5-31FF9B68AD3C}.Release|x64.Build.0 = Release|x64
		{25E176F1-FA89-4BED-96E5-31FF9B68AD3C}.Release|x86.ActiveCfg = Release|Win32
		{25E176F1-FA89-4BED-96E5-31FF9B68AD3C}.Release|x86.Build.0 = Release|Win32
	EndGlobalSection
	GlobalSection(SolutionProperties) = preSolution
		HideSolutionNode = FALSE
	EndGlobalSection
	GlobalSection(NestedProjects) = preSolution
		{7E43622B-C1EB-480D-BFC7-2460E884BA3A} = {1480324B-58FB-497D-B7F5-D4C073180805}
		{7A2DDAF9-D3B9-4FA2-8C4E-7B9BD8519D23} = {1480324B-58FB-497D-B7F5-D4C073180805}
		{5A1FA2F5-23C7-4F3C-A58D-317299556910} = {1480324B-58FB-497D-B7F5-D4C073180805}
		{6C8C5BA1-71A0-48A8-8B58-38EC21C59A05} = {1480324B-58FB-497D-B7F5-D4C073180805}
		{A332DC4B-C392-4C55-9859-61653FEE62DB} = {6831B8E9-6D12-4829-B301-FD7B74B24FB5}
		{18E48713-34EB-4557-932F-1DDC9F4EDB93} = {1480324B-58FB-497D-B7F5-D4C073180805}
		{6E7F5B3F-C3C3-4BAB-97F6-AB31DBDD4D06} = {1480324B-58FB-497D-B7F5-D4C073180805}
		{79E3ABD8-237D-429C-91FD-EBE72C62E3DC} = {1480324B-58FB-497D-B7F5-D4C073180805}
		{5B11F9FE-0A6F-465F-A84E-2B8525BFDE64} = {1480324B-58FB-497D-B7F5-D4C073180805}
		{5B07BA04-07EE-40AC-BBD3-70EF954660A1} = {1480324B-58FB-497D-B7F5-D4C073180805}
		{B0648410-A4ED-414E-A1A6-F3ABC53DF246} = {1480324B-58FB-497D-B7F5-D4C073180805}
		{B2B0B8EB-F657-4050-B66D-AF4B6ED8AA56} = {1480324B-58FB-497D-B7F5-D4C073180805}
		{086AF5E0-8A27-4AD6-9A54-C42A1C85A827} = {1480324B-58FB-497D-B7F5-D4C073180805}
		{BB412FB8-C733-4814-906D-64ACA7DE9E3C} = {1480324B-58FB-497D-B7F5-D4C073180805}
		{C972C8E5-B77A-4A2C-9C92-536BC21BB47E} = {1480324B-58FB-497D-B7F5-D4C073180805}
		{FD9D0B2A-5799-4A70-84B9-A0C359E11529} = {1480324B-58FB-497D-B7F5-D4C073180805}
		{34962583-D865-42DA-A396-82476D9D4652} = {1480324B-58FB-497D-B7F5-D4C073180805}
		{F26D7501-1FE6-44F7-B68A-F882433969F4} = {1480324B-58FB-497D-B7F5-D4C073180805}
		{2C041E03-02A1-43ED-9896-0CE2E4B8E9DE} = {1480324B-58FB-497D-B7F5-D4C073180805}
		{2F300F51-14DC-42C6-AFB8-129557043B4C} = {1480324B-58FB-497D-B7F5-D4C073180805}
		{1FE92CAD-EE9D-4D2B-B325-BF0B4E9A40AE} = {1480324B-58FB-497D-B7F5-D4C073180805}
		{92FB78BC-80E2-4260-B534-D0272F5AB01C} = {1480324B-58FB-497D-B7F5-D4C073180805}
		{5E73F3D4-3F5D-4268-9693-52ECAF200A9F} = {1480324B-58FB-497D-B7F5-D4C073180805}
		{58E54632-953C-439F-83E2-E58A85BCF0EC} = {1480324B-58FB-497D-B7F5-D4C073180805}
		{E532EE46-F291-40DB-9144-9B1495CE10D3} = {1480324B-58FB-497D-B7F5-D4C073180805}
		{64A3CF8F-7DDE-4304-AA09-4934FB84E2C5} = {1480324B-58FB-497D-B7F5-D4C073180805}
		{762D43A5-484E-4AA3-BA3B-642692A1BAAD} = {1480324B-58FB-497D-B7F5-D4C073180805}
		{B6B4B267-0CBC-4DE8-9948-D51065C982DE} = {1480324B-58FB-497D-B7F5-D4C073180805}
		{E1C82360-CE5D-4D01-8156-7CF76F104C84} = {1480324B-58FB-497D-B7F5-D4C073180805}
		{751226B7-4CE3-4108-8AB9-F1C9ABF62516} = {1480324B-58FB-497D-B7F5-D4C073180805}
		{25E176F1-FA89-4BED-96E5-31FF9B68AD3C} = {1480324B-58FB-497D-B7F5-D4C073180805}
	EndGlobalSection
	GlobalSection(ExtensibilityGlobals) = postSolution
		SolutionGuid = {2D741AB9-AE48-4141-9328-902A3153E65A}
	EndGlobalSection
EndGlobal
